Microsoft Visual Studio Solution File, Format Version 12.00
# Visual Studio Version 17
VisualStudioVersion = 17.5.2.0
MinimumVisualStudioVersion = 10.0.40219.1
Project("{FAE04EC0-301F-11D3-BF4B-00C04F79EFBC}") = "MediConnect.Web", "MediConnect.Web\MediConnect.Web.csproj", "{276DEFB9-5C84-CE1A-2CC6-AFE45CCFD176}"
EndProject
Global
	GlobalSection(SolutionConfigurationPlatforms) = preSolution
		Debug|Any CPU = Debug|Any CPU
		Release|Any CPU = Release|Any CPU
	EndGlobalSection
	GlobalSection(ProjectConfigurationPlatforms) = postSolution
		{276DEFB9-5C84-CE1A-2CC6-AFE45CCFD176}.Debug|Any CPU.ActiveCfg = Debug|Any CPU
		{276DEFB9-5C84-CE1A-2CC6-AFE45CCFD176}.Debug|Any CPU.Build.0 = Debug|Any CPU
		{276DEFB9-5C84-CE1A-2CC6-AFE45CCFD176}.Release|Any CPU.ActiveCfg = Release|Any CPU
		{276DEFB9-5C84-CE1A-2CC6-AFE45CCFD176}.Release|Any CPU.Build.0 = Release|Any CPU
	EndGlobalSection
	GlobalSection(SolutionProperties) = preSolution
		HideSolutionNode = FALSE
	EndGlobalSection
	GlobalSection(ExtensibilityGlobals) = postSolution
		SolutionGuid = {F9B09EF5-3E63-44F9-8911-F10656768AC5}
	EndGlobalSection
EndGlobal
